// !$*UTF8*$!
{
	archiveVersion = 1;
	classes = {
	};
	objectVersion = 46;
	objects = {

/* Begin PBXBuildFile section */
		0F16978E15CE51AB0026B131 /* UIKit.framework in Frameworks */ = {isa = PBXBuildFile; fileRef = 0F16978D15CE51AB0026B131 /* UIKit.framework */; };
		0F16979015CE51AB0026B131 /* Foundation.framework in Frameworks */ = {isa = PBXBuildFile; fileRef = 0F16978F15CE51AB0026B131 /* Foundation.framework */; };
		0F16979215CE51AB0026B131 /* CoreGraphics.framework in Frameworks */ = {isa = PBXBuildFile; fileRef = 0F16979115CE51AB0026B131 /* CoreGraphics.framework */; };
		0F16979815CE51AB0026B131 /* InfoPlist.strings in Resources */ = {isa = PBXBuildFile; fileRef = 0F16979615CE51AB0026B131 /* InfoPlist.strings */; };
		0F16979A15CE51AB0026B131 /* main.m in Sources */ = {isa = PBXBuildFile; fileRef = 0F16979915CE51AB0026B131 /* main.m */; };
		0F16979E15CE51AB0026B131 /* YelpTestAppDelegate.m in Sources */ = {isa = PBXBuildFile; fileRef = 0F16979D15CE51AB0026B131 /* YelpTestAppDelegate.m */; };
		0F1697A115CE51AB0026B131 /* MainStoryboard.storyboard in Resources */ = {isa = PBXBuildFile; fileRef = 0F16979F15CE51AB0026B131 /* MainStoryboard.storyboard */; };
		0F1697A415CE51AB0026B131 /* YelpTestViewController.m in Sources */ = {isa = PBXBuildFile; fileRef = 0F1697A315CE51AB0026B131 /* YelpTestViewController.m */; };
		0FF9F5DA15CEE4FA00BC3587 /* OACall.m in Sources */ = {isa = PBXBuildFile; fileRef = 0FF9F5C315CEE4FA00BC3587 /* OACall.m */; settings = {COMPILER_FLAGS = "-fno-objc-arc"; }; };
		0FF9F5DB15CEE4FA00BC3587 /* OAConsumer.m in Sources */ = {isa = PBXBuildFile; fileRef = 0FF9F5C515CEE4FA00BC3587 /* OAConsumer.m */; settings = {COMPILER_FLAGS = "-fno-objc-arc"; }; };
		0FF9F5DC15CEE4FA00BC3587 /* OADataFetcher.m in Sources */ = {isa = PBXBuildFile; fileRef = 0FF9F5C715CEE4FA00BC3587 /* OADataFetcher.m */; settings = {COMPILER_FLAGS = "-fno-objc-arc"; }; };
		0FF9F5DD15CEE4FA00BC3587 /* OAHMAC_SHA1SignatureProvider.m in Sources */ = {isa = PBXBuildFile; fileRef = 0FF9F5C915CEE4FA00BC3587 /* OAHMAC_SHA1SignatureProvider.m */; settings = {COMPILER_FLAGS = "-fno-objc-arc"; }; };
		0FF9F5DE15CEE4FA00BC3587 /* OAMutableURLRequest.m in Sources */ = {isa = PBXBuildFile; fileRef = 0FF9F5CB15CEE4FA00BC3587 /* OAMutableURLRequest.m */; settings = {COMPILER_FLAGS = "-fno-objc-arc"; }; };
		0FF9F5DF15CEE4FA00BC3587 /* OAPlaintextSignatureProvider.m in Sources */ = {isa = PBXBuildFile; fileRef = 0FF9F5CD15CEE4FA00BC3587 /* OAPlaintextSignatureProvider.m */; settings = {COMPILER_FLAGS = "-fno-objc-arc"; }; };
		0FF9F5E015CEE4FA00BC3587 /* OAProblem.m in Sources */ = {isa = PBXBuildFile; fileRef = 0FF9F5CF15CEE4FA00BC3587 /* OAProblem.m */; settings = {COMPILER_FLAGS = "-fno-objc-arc"; }; };
		0FF9F5E115CEE4FA00BC3587 /* OARequestParameter.m in Sources */ = {isa = PBXBuildFile; fileRef = 0FF9F5D115CEE4FA00BC3587 /* OARequestParameter.m */; settings = {COMPILER_FLAGS = "-fno-objc-arc"; }; };
		0FF9F5E215CEE4FA00BC3587 /* OAServiceTicket.m in Sources */ = {isa = PBXBuildFile; fileRef = 0FF9F5D315CEE4FA00BC3587 /* OAServiceTicket.m */; settings = {COMPILER_FLAGS = "-fno-objc-arc"; }; };
		0FF9F5E315CEE4FA00BC3587 /* OAToken.m in Sources */ = {isa = PBXBuildFile; fileRef = 0FF9F5D615CEE4FA00BC3587 /* OAToken.m */; settings = {COMPILER_FLAGS = "-fno-objc-arc"; }; };
		0FF9F5E415CEE4FA00BC3587 /* OATokenManager.m in Sources */ = {isa = PBXBuildFile; fileRef = 0FF9F5D815CEE4FA00BC3587 /* OATokenManager.m */; settings = {COMPILER_FLAGS = "-fno-objc-arc"; }; };
		0FF9F5EB15CEE50D00BC3587 /* NSMutableURLRequest+Parameters.m in Sources */ = {isa = PBXBuildFile; fileRef = 0FF9F5E615CEE50D00BC3587 /* NSMutableURLRequest+Parameters.m */; settings = {COMPILER_FLAGS = "-fno-objc-arc"; }; };
		0FF9F5EC15CEE50D00BC3587 /* NSString+URLEncoding.m in Sources */ = {isa = PBXBuildFile; fileRef = 0FF9F5E815CEE50D00BC3587 /* NSString+URLEncoding.m */; settings = {COMPILER_FLAGS = "-fno-objc-arc"; }; };
		0FF9F5ED15CEE50D00BC3587 /* NSURL+Base.m in Sources */ = {isa = PBXBuildFile; fileRef = 0FF9F5EA15CEE50D00BC3587 /* NSURL+Base.m */; settings = {COMPILER_FLAGS = "-fno-objc-arc"; }; };
		0FF9F5F415CEE51A00BC3587 /* Base64Transcoder.c in Sources */ = {isa = PBXBuildFile; fileRef = 0FF9F5EE15CEE51A00BC3587 /* Base64Transcoder.c */; settings = {COMPILER_FLAGS = "-fno-objc-arc"; }; };
		0FF9F5F515CEE51A00BC3587 /* hmac.c in Sources */ = {isa = PBXBuildFile; fileRef = 0FF9F5F015CEE51A00BC3587 /* hmac.c */; settings = {COMPILER_FLAGS = "-fno-objc-arc"; }; };
		0FF9F5F615CEE51A00BC3587 /* sha1.c in Sources */ = {isa = PBXBuildFile; fileRef = 0FF9F5F215CEE51A00BC3587 /* sha1.c */; settings = {COMPILER_FLAGS = "-fno-objc-arc"; }; };
		0FF9F5FA15CF266D00BC3587 /* yelpElementObject.m in Sources */ = {isa = PBXBuildFile; fileRef = 0FF9F5F915CF266D00BC3587 /* yelpElementObject.m */; };
/* End PBXBuildFile section */

/* Begin PBXFileReference section */
		0F16978915CE51AB0026B131 /* YelpTest.app */ = {isa = PBXFileReference; explicitFileType = wrapper.application; includeInIndex = 0; path = YelpTest.app; sourceTree = BUILT_PRODUCTS_DIR; };
		0F16978D15CE51AB0026B131 /* UIKit.framework */ = {isa = PBXFileReference; lastKnownFileType = wrapper.framework; name = UIKit.framework; path = System/Library/Frameworks/UIKit.framework; sourceTree = SDKROOT; };
		0F16978F15CE51AB0026B131 /* Foundation.framework */ = {isa = PBXFileReference; lastKnownFileType = wrapper.framework; name = Foundation.framework; path = System/Library/Frameworks/Foundation.framework; sourceTree = SDKROOT; };
		0F16979115CE51AB0026B131 /* CoreGraphics.framework */ = {isa = PBXFileReference; lastKnownFileType = wrapper.framework; name = CoreGraphics.framework; path = System/Library/Frameworks/CoreGraphics.framework; sourceTree = SDKROOT; };
		0F16979515CE51AB0026B131 /* YelpTest-Info.plist */ = {isa = PBXFileReference; lastKnownFileType = text.plist.xml; path = "YelpTest-Info.plist"; sourceTree = "<group>"; };
		0F16979715CE51AB0026B131 /* en */ = {isa = PBXFileReference; lastKnownFileType = text.plist.strings; name = en; path = en.lproj/InfoPlist.strings; sourceTree = "<group>"; };
		0F16979915CE51AB0026B131 /* main.m */ = {isa = PBXFileReference; lastKnownFileType = sourcecode.c.objc; path = main.m; sourceTree = "<group>"; };
		0F16979B15CE51AB0026B131 /* YelpTest-Prefix.pch */ = {isa = PBXFileReference; lastKnownFileType = sourcecode.c.h; path = "YelpTest-Prefix.pch"; sourceTree = "<group>"; };
		0F16979C15CE51AB0026B131 /* YelpTestAppDelegate.h */ = {isa = PBXFileReference; lastKnownFileType = sourcecode.c.h; path = YelpTestAppDelegate.h; sourceTree = "<group>"; };
		0F16979D15CE51AB0026B131 /* YelpTestAppDelegate.m */ = {isa = PBXFileReference; lastKnownFileType = sourcecode.c.objc; path = YelpTestAppDelegate.m; sourceTree = "<group>"; };
		0F1697A015CE51AB0026B131 /* en */ = {isa = PBXFileReference; lastKnownFileType = file.storyboard; name = en; path = en.lproj/MainStoryboard.storyboard; sourceTree = "<group>"; };
		0F1697A215CE51AB0026B131 /* YelpTestViewController.h */ = {isa = PBXFileReference; lastKnownFileType = sourcecode.c.h; path = YelpTestViewController.h; sourceTree = "<group>"; };
		0F1697A315CE51AB0026B131 /* YelpTestViewController.m */ = {isa = PBXFileReference; lastKnownFileType = sourcecode.c.objc; path = YelpTestViewController.m; sourceTree = "<group>"; };
		0FF9F5C215CEE4FA00BC3587 /* OACall.h */ = {isa = PBXFileReference; fileEncoding = 4; lastKnownFileType = sourcecode.c.h; path = OACall.h; sourceTree = "<group>"; };
		0FF9F5C315CEE4FA00BC3587 /* OACall.m */ = {isa = PBXFileReference; fileEncoding = 4; lastKnownFileType = sourcecode.c.objc; path = OACall.m; sourceTree = "<group>"; };
		0FF9F5C415CEE4FA00BC3587 /* OAConsumer.h */ = {isa = PBXFileReference; fileEncoding = 4; lastKnownFileType = sourcecode.c.h; path = OAConsumer.h; sourceTree = "<group>"; };
		0FF9F5C515CEE4FA00BC3587 /* OAConsumer.m */ = {isa = PBXFileReference; fileEncoding = 4; lastKnownFileType = sourcecode.c.objc; path = OAConsumer.m; sourceTree = "<group>"; };
		0FF9F5C615CEE4FA00BC3587 /* OADataFetcher.h */ = {isa = PBXFileReference; fileEncoding = 4; lastKnownFileType = sourcecode.c.h; path = OADataFetcher.h; sourceTree = "<group>"; };
		0FF9F5C715CEE4FA00BC3587 /* OADataFetcher.m */ = {isa = PBXFileReference; fileEncoding = 4; lastKnownFileType = sourcecode.c.objc; path = OADataFetcher.m; sourceTree = "<group>"; };
		0FF9F5C815CEE4FA00BC3587 /* OAHMAC_SHA1SignatureProvider.h */ = {isa = PBXFileReference; fileEncoding = 4; lastKnownFileType = sourcecode.c.h; path = OAHMAC_SHA1SignatureProvider.h; sourceTree = "<group>"; };
		0FF9F5C915CEE4FA00BC3587 /* OAHMAC_SHA1SignatureProvider.m */ = {isa = PBXFileReference; fileEncoding = 4; lastKnownFileType = sourcecode.c.objc; path = OAHMAC_SHA1SignatureProvider.m; sourceTree = "<group>"; };
		0FF9F5CA15CEE4FA00BC3587 /* OAMutableURLRequest.h */ = {isa = PBXFileReference; fileEncoding = 4; lastKnownFileType = sourcecode.c.h; path = OAMutableURLRequest.h; sourceTree = "<group>"; };
		0FF9F5CB15CEE4FA00BC3587 /* OAMutableURLRequest.m */ = {isa = PBXFileReference; fileEncoding = 4; lastKnownFileType = sourcecode.c.objc; path = OAMutableURLRequest.m; sourceTree = "<group>"; };
		0FF9F5CC15CEE4FA00BC3587 /* OAPlaintextSignatureProvider.h */ = {isa = PBXFileReference; fileEncoding = 4; lastKnownFileType = sourcecode.c.h; path = OAPlaintextSignatureProvider.h; sourceTree = "<group>"; };
		0FF9F5CD15CEE4FA00BC3587 /* OAPlaintextSignatureProvider.m */ = {isa = PBXFileReference; fileEncoding = 4; lastKnownFileType = sourcecode.c.objc; path = OAPlaintextSignatureProvider.m; sourceTree = "<group>"; };
		0FF9F5CE15CEE4FA00BC3587 /* OAProblem.h */ = {isa = PBXFileReference; fileEncoding = 4; lastKnownFileType = sourcecode.c.h; path = OAProblem.h; sourceTree = "<group>"; };
		0FF9F5CF15CEE4FA00BC3587 /* OAProblem.m */ = {isa = PBXFileReference; fileEncoding = 4; lastKnownFileType = sourcecode.c.objc; path = OAProblem.m; sourceTree = "<group>"; };
		0FF9F5D015CEE4FA00BC3587 /* OARequestParameter.h */ = {isa = PBXFileReference; fileEncoding = 4; lastKnownFileType = sourcecode.c.h; path = OARequestParameter.h; sourceTree = "<group>"; };
		0FF9F5D115CEE4FA00BC3587 /* OARequestParameter.m */ = {isa = PBXFileReference; fileEncoding = 4; lastKnownFileType = sourcecode.c.objc; path = OARequestParameter.m; sourceTree = "<group>"; };
		0FF9F5D215CEE4FA00BC3587 /* OAServiceTicket.h */ = {isa = PBXFileReference; fileEncoding = 4; lastKnownFileType = sourcecode.c.h; path = OAServiceTicket.h; sourceTree = "<group>"; };
		0FF9F5D315CEE4FA00BC3587 /* OAServiceTicket.m */ = {isa = PBXFileReference; fileEncoding = 4; lastKnownFileType = sourcecode.c.objc; path = OAServiceTicket.m; sourceTree = "<group>"; };
		0FF9F5D415CEE4FA00BC3587 /* OASignatureProviding.h */ = {isa = PBXFileReference; fileEncoding = 4; lastKnownFileType = sourcecode.c.h; path = OASignatureProviding.h; sourceTree = "<group>"; };
		0FF9F5D515CEE4FA00BC3587 /* OAToken.h */ = {isa = PBXFileReference; fileEncoding = 4; lastKnownFileType = sourcecode.c.h; path = OAToken.h; sourceTree = "<group>"; };
		0FF9F5D615CEE4FA00BC3587 /* OAToken.m */ = {isa = PBXFileReference; fileEncoding = 4; lastKnownFileType = sourcecode.c.objc; path = OAToken.m; sourceTree = "<group>"; };
		0FF9F5D715CEE4FA00BC3587 /* OATokenManager.h */ = {isa = PBXFileReference; fileEncoding = 4; lastKnownFileType = sourcecode.c.h; path = OATokenManager.h; sourceTree = "<group>"; };
		0FF9F5D815CEE4FA00BC3587 /* OATokenManager.m */ = {isa = PBXFileReference; fileEncoding = 4; lastKnownFileType = sourcecode.c.objc; path = OATokenManager.m; sourceTree = "<group>"; };
		0FF9F5D915CEE4FA00BC3587 /* OAuthConsumer.h */ = {isa = PBXFileReference; fileEncoding = 4; lastKnownFileType = sourcecode.c.h; path = OAuthConsumer.h; sourceTree = "<group>"; };
		0FF9F5E515CEE50D00BC3587 /* NSMutableURLRequest+Parameters.h */ = {isa = PBXFileReference; fileEncoding = 4; lastKnownFileType = sourcecode.c.h; path = "NSMutableURLRequest+Parameters.h"; sourceTree = "<group>"; };
		0FF9F5E615CEE50D00BC3587 /* NSMutableURLRequest+Parameters.m */ = {isa = PBXFileReference; fileEncoding = 4; lastKnownFileType = sourcecode.c.objc; path = "NSMutableURLRequest+Parameters.m"; sourceTree = "<group>"; };
		0FF9F5E715CEE50D00BC3587 /* NSString+URLEncoding.h */ = {isa = PBXFileReference; fileEncoding = 4; lastKnownFileType = sourcecode.c.h; path = "NSString+URLEncoding.h"; sourceTree = "<group>"; };
		0FF9F5E815CEE50D00BC3587 /* NSString+URLEncoding.m */ = {isa = PBXFileReference; fileEncoding = 4; lastKnownFileType = sourcecode.c.objc; path = "NSString+URLEncoding.m"; sourceTree = "<group>"; };
		0FF9F5E915CEE50D00BC3587 /* NSURL+Base.h */ = {isa = PBXFileReference; fileEncoding = 4; lastKnownFileType = sourcecode.c.h; path = "NSURL+Base.h"; sourceTree = "<group>"; };
		0FF9F5EA15CEE50D00BC3587 /* NSURL+Base.m */ = {isa = PBXFileReference; fileEncoding = 4; lastKnownFileType = sourcecode.c.objc; path = "NSURL+Base.m"; sourceTree = "<group>"; };
		0FF9F5EE15CEE51A00BC3587 /* Base64Transcoder.c */ = {isa = PBXFileReference; fileEncoding = 4; lastKnownFileType = sourcecode.c.c; path = Base64Transcoder.c; sourceTree = "<group>"; };
		0FF9F5EF15CEE51A00BC3587 /* Base64Transcoder.h */ = {isa = PBXFileReference; fileEncoding = 4; lastKnownFileType = sourcecode.c.h; path = Base64Transcoder.h; sourceTree = "<group>"; };
		0FF9F5F015CEE51A00BC3587 /* hmac.c */ = {isa = PBXFileReference; fileEncoding = 4; lastKnownFileType = sourcecode.c.c; path = hmac.c; sourceTree = "<group>"; };
		0FF9F5F115CEE51A00BC3587 /* hmac.h */ = {isa = PBXFileReference; fileEncoding = 4; lastKnownFileType = sourcecode.c.h; path = hmac.h; sourceTree = "<group>"; };
		0FF9F5F215CEE51A00BC3587 /* sha1.c */ = {isa = PBXFileReference; fileEncoding = 4; lastKnownFileType = sourcecode.c.c; path = sha1.c; sourceTree = "<group>"; };
		0FF9F5F315CEE51A00BC3587 /* sha1.h */ = {isa = PBXFileReference; fileEncoding = 4; lastKnownFileType = sourcecode.c.h; path = sha1.h; sourceTree = "<group>"; };
		0FF9F5F815CF266D00BC3587 /* yelpElementObject.h */ = {isa = PBXFileReference; fileEncoding = 4; lastKnownFileType = sourcecode.c.h; path = yelpElementObject.h; sourceTree = "<group>"; };
		0FF9F5F915CF266D00BC3587 /* yelpElementObject.m */ = {isa = PBXFileReference; fileEncoding = 4; lastKnownFileType = sourcecode.c.objc; path = yelpElementObject.m; sourceTree = "<group>"; };
/* End PBXFileReference section */

/* Begin PBXFrameworksBuildPhase section */
		0F16978615CE51AB0026B131 /* Frameworks */ = {
			isa = PBXFrameworksBuildPhase;
			buildActionMask = 2147483647;
			files = (
				0F16978E15CE51AB0026B131 /* UIKit.framework in Frameworks */,
				0F16979015CE51AB0026B131 /* Foundation.framework in Frameworks */,
				0F16979215CE51AB0026B131 /* CoreGraphics.framework in Frameworks */,
			);
			runOnlyForDeploymentPostprocessing = 0;
		};
/* End PBXFrameworksBuildPhase section */

/* Begin PBXGroup section */
		0F16977E15CE51AB0026B131 = {
			isa = PBXGroup;
			children = (
				0FF9F5C015CEE4D300BC3587 /* OAuthConsumer */,
				0F16979315CE51AB0026B131 /* YelpTest */,
				0F16978C15CE51AB0026B131 /* Frameworks */,
				0F16978A15CE51AB0026B131 /* Products */,
			);
			sourceTree = "<group>";
		};
		0F16978A15CE51AB0026B131 /* Products */ = {
			isa = PBXGroup;
			children = (
				0F16978915CE51AB0026B131 /* YelpTest.app */,
			);
			name = Products;
			sourceTree = "<group>";
		};
		0F16978C15CE51AB0026B131 /* Frameworks */ = {
			isa = PBXGroup;
			children = (
				0F16978D15CE51AB0026B131 /* UIKit.framework */,
				0F16978F15CE51AB0026B131 /* Foundation.framework */,
				0F16979115CE51AB0026B131 /* CoreGraphics.framework */,
			);
			name = Frameworks;
			sourceTree = "<group>";
		};
		0F16979315CE51AB0026B131 /* YelpTest */ = {
			isa = PBXGroup;
			children = (
				0FF9F5F715CF262400BC3587 /* yelp */,
				0F16979C15CE51AB0026B131 /* YelpTestAppDelegate.h */,
				0F16979D15CE51AB0026B131 /* YelpTestAppDelegate.m */,
				0F16979F15CE51AB0026B131 /* MainStoryboard.storyboard */,
				0F1697A215CE51AB0026B131 /* YelpTestViewController.h */,
				0F1697A315CE51AB0026B131 /* YelpTestViewController.m */,
				0F16979415CE51AB0026B131 /* Supporting Files */,
			);
			path = YelpTest;
			sourceTree = "<group>";
		};
		0F16979415CE51AB0026B131 /* Supporting Files */ = {
			isa = PBXGroup;
			children = (
				0F16979515CE51AB0026B131 /* YelpTest-Info.plist */,
				0F16979615CE51AB0026B131 /* InfoPlist.strings */,
				0F16979915CE51AB0026B131 /* main.m */,
				0F16979B15CE51AB0026B131 /* YelpTest-Prefix.pch */,
			);
			name = "Supporting Files";
			sourceTree = "<group>";
		};
		0FF9F5C015CEE4D300BC3587 /* OAuthConsumer */ = {
			isa = PBXGroup;
			children = (
				0FF9F5EE15CEE51A00BC3587 /* Base64Transcoder.c */,
				0FF9F5EF15CEE51A00BC3587 /* Base64Transcoder.h */,
				0FF9F5F015CEE51A00BC3587 /* hmac.c */,
				0FF9F5F115CEE51A00BC3587 /* hmac.h */,
				0FF9F5F215CEE51A00BC3587 /* sha1.c */,
				0FF9F5F315CEE51A00BC3587 /* sha1.h */,
				0FF9F5E515CEE50D00BC3587 /* NSMutableURLRequest+Parameters.h */,
				0FF9F5E615CEE50D00BC3587 /* NSMutableURLRequest+Parameters.m */,
				0FF9F5E715CEE50D00BC3587 /* NSString+URLEncoding.h */,
				0FF9F5E815CEE50D00BC3587 /* NSString+URLEncoding.m */,
				0FF9F5E915CEE50D00BC3587 /* NSURL+Base.h */,
				0FF9F5EA15CEE50D00BC3587 /* NSURL+Base.m */,
				0FF9F5C215CEE4FA00BC3587 /* OACall.h */,
				0FF9F5C315CEE4FA00BC3587 /* OACall.m */,
				0FF9F5C415CEE4FA00BC3587 /* OAConsumer.h */,
				0FF9F5C515CEE4FA00BC3587 /* OAConsumer.m */,
				0FF9F5C615CEE4FA00BC3587 /* OADataFetcher.h */,
				0FF9F5C715CEE4FA00BC3587 /* OADataFetcher.m */,
				0FF9F5C815CEE4FA00BC3587 /* OAHMAC_SHA1SignatureProvider.h */,
				0FF9F5C915CEE4FA00BC3587 /* OAHMAC_SHA1SignatureProvider.m */,
				0FF9F5CA15CEE4FA00BC3587 /* OAMutableURLRequest.h */,
				0FF9F5CB15CEE4FA00BC3587 /* OAMutableURLRequest.m */,
				0FF9F5CC15CEE4FA00BC3587 /* OAPlaintextSignatureProvider.h */,
				0FF9F5CD15CEE4FA00BC3587 /* OAPlaintextSignatureProvider.m */,
				0FF9F5CE15CEE4FA00BC3587 /* OAProblem.h */,
				0FF9F5CF15CEE4FA00BC3587 /* OAProblem.m */,
				0FF9F5D015CEE4FA00BC3587 /* OARequestParameter.h */,
				0FF9F5D115CEE4FA00BC3587 /* OARequestParameter.m */,
				0FF9F5D215CEE4FA00BC3587 /* OAServiceTicket.h */,
				0FF9F5D315CEE4FA00BC3587 /* OAServiceTicket.m */,
				0FF9F5D415CEE4FA00BC3587 /* OASignatureProviding.h */,
				0FF9F5D515CEE4FA00BC3587 /* OAToken.h */,
				0FF9F5D615CEE4FA00BC3587 /* OAToken.m */,
				0FF9F5D715CEE4FA00BC3587 /* OATokenManager.h */,
				0FF9F5D815CEE4FA00BC3587 /* OATokenManager.m */,
				0FF9F5D915CEE4FA00BC3587 /* OAuthConsumer.h */,
			);
			name = OAuthConsumer;
			sourceTree = "<group>";
		};
		0FF9F5F715CF262400BC3587 /* yelp */ = {
			isa = PBXGroup;
			children = (
				0FF9F5F815CF266D00BC3587 /* yelpElementObject.h */,
				0FF9F5F915CF266D00BC3587 /* yelpElementObject.m */,
			);
			name = yelp;
			sourceTree = "<group>";
		};
/* End PBXGroup section */

/* Begin PBXNativeTarget section */
		0F16978815CE51AB0026B131 /* YelpTest */ = {
			isa = PBXNativeTarget;
			buildConfigurationList = 0F1697A715CE51AB0026B131 /* Build configuration list for PBXNativeTarget "YelpTest" */;
			buildPhases = (
				0F16978515CE51AB0026B131 /* Sources */,
				0F16978615CE51AB0026B131 /* Frameworks */,
				0F16978715CE51AB0026B131 /* Resources */,
			);
			buildRules = (
			);
			dependencies = (
			);
			name = YelpTest;
			productName = YelpTest;
			productReference = 0F16978915CE51AB0026B131 /* YelpTest.app */;
			productType = "com.apple.product-type.application";
		};
/* End PBXNativeTarget section */

/* Begin PBXProject section */
		0F16978015CE51AB0026B131 /* Project object */ = {
			isa = PBXProject;
			attributes = {
				CLASSPREFIX = YelpTest;
				LastUpgradeCheck = 0440;
				ORGANIZATIONNAME = "Tongda Zhang";
			};
			buildConfigurationList = 0F16978315CE51AB0026B131 /* Build configuration list for PBXProject "YelpTest" */;
			compatibilityVersion = "Xcode 3.2";
			developmentRegion = English;
			hasScannedForEncodings = 0;
			knownRegions = (
				en,
			);
			mainGroup = 0F16977E15CE51AB0026B131;
			productRefGroup = 0F16978A15CE51AB0026B131 /* Products */;
			projectDirPath = "";
			projectRoot = "";
			targets = (
				0F16978815CE51AB0026B131 /* YelpTest */,
			);
		};
/* End PBXProject section */

/* Begin PBXResourcesBuildPhase section */
		0F16978715CE51AB0026B131 /* Resources */ = {
			isa = PBXResourcesBuildPhase;
			buildActionMask = 2147483647;
			files = (
				0F16979815CE51AB0026B131 /* InfoPlist.strings in Resources */,
				0F1697A115CE51AB0026B131 /* MainStoryboard.storyboard in Resources */,
			);
			runOnlyForDeploymentPostprocessing = 0;
		};
/* End PBXResourcesBuildPhase section */

/* Begin PBXSourcesBuildPhase section */
		0F16978515CE51AB0026B131 /* Sources */ = {
			isa = PBXSourcesBuildPhase;
			buildActionMask = 2147483647;
			files = (
				0F16979A15CE51AB0026B131 /* main.m in Sources */,
				0F16979E15CE51AB0026B131 /* YelpTestAppDelegate.m in Sources */,
				0F1697A415CE51AB0026B131 /* YelpTestViewController.m in Sources */,
				0FF9F5DA15CEE4FA00BC3587 /* OACall.m in Sources */,
				0FF9F5DB15CEE4FA00BC3587 /* OAConsumer.m in Sources */,
				0FF9F5DC15CEE4FA00BC3587 /* OADataFetcher.m in Sources */,
				0FF9F5DD15CEE4FA00BC3587 /* OAHMAC_SHA1SignatureProvider.m in Sources */,
				0FF9F5DE15CEE4FA00BC3587 /* OAMutableURLRequest.m in Sources */,
				0FF9F5DF15CEE4FA00BC3587 /* OAPlaintextSignatureProvider.m in Sources */,
				0FF9F5E015CEE4FA00BC3587 /* OAProblem.m in Sources */,
				0FF9F5E115CEE4FA00BC3587 /* OARequestParameter.m in Sources */,
				0FF9F5E215CEE4FA00BC3587 /* OAServiceTicket.m in Sources */,
				0FF9F5E315CEE4FA00BC3587 /* OAToken.m in Sources */,
				0FF9F5E415CEE4FA00BC3587 /* OATokenManager.m in Sources */,
				0FF9F5EB15CEE50D00BC3587 /* NSMutableURLRequest+Parameters.m in Sources */,
				0FF9F5EC15CEE50D00BC3587 /* NSString+URLEncoding.m in Sources */,
				0FF9F5ED15CEE50D00BC3587 /* NSURL+Base.m in Sources */,
				0FF9F5F415CEE51A00BC3587 /* Base64Transcoder.c in Sources */,
				0FF9F5F515CEE51A00BC3587 /* hmac.c in Sources */,
				0FF9F5F615CEE51A00BC3587 /* sha1.c in Sources */,
				0FF9F5FA15CF266D00BC3587 /* yelpElementObject.m in Sources */,
			);
			runOnlyForDeploymentPostprocessing = 0;
		};
/* End PBXSourcesBuildPhase section */

/* Begin PBXVariantGroup section */
		0F16979615CE51AB0026B131 /* InfoPlist.strings */ = {
			isa = PBXVariantGroup;
			children = (
				0F16979715CE51AB0026B131 /* en */,
			);
			name = InfoPlist.strings;
			sourceTree = "<group>";
		};
		0F16979F15CE51AB0026B131 /* MainStoryboard.storyboard */ = {
			isa = PBXVariantGroup;
			children = (
				0F1697A015CE51AB0026B131 /* en */,
			);
			name = MainStoryboard.storyboard;
			sourceTree = "<group>";
		};
/* End PBXVariantGroup section */

/* Begin XCBuildConfiguration section */
		0F1697A515CE51AB0026B131 /* Debug */ = {
			isa = XCBuildConfiguration;
			buildSettings = {
				ALWAYS_SEARCH_USER_PATHS = NO;
				ARCHS = "$(ARCHS_STANDARD_32_BIT)";
				CLANG_CXX_LANGUAGE_STANDARD = "gnu++0x";
				CLANG_ENABLE_OBJC_ARC = YES;
				CLANG_WARN__DUPLICATE_METHOD_MATCH = YES;
				"CODE_SIGN_IDENTITY[sdk=iphoneos*]" = "iPhone Developer";
				COPY_PHASE_STRIP = NO;
				GCC_C_LANGUAGE_STANDARD = gnu99;
				GCC_DYNAMIC_NO_PIC = NO;
				GCC_OPTIMIZATION_LEVEL = 0;
				GCC_PREPROCESSOR_DEFINITIONS = (
					"DEBUG=1",
					"$(inherited)",
				);
				GCC_SYMBOLS_PRIVATE_EXTERN = NO;
				GCC_VERSION = com.apple.compilers.llvm.clang.1_0;
				GCC_WARN_ABOUT_RETURN_TYPE = YES;
				GCC_WARN_UNINITIALIZED_AUTOS = YES;
				GCC_WARN_UNUSED_VARIABLE = YES;
				IPHONEOS_DEPLOYMENT_TARGET = 5.1;
				SDKROOT = iphoneos;
			};
			name = Debug;
		};
		0F1697A615CE51AB0026B131 /* Release */ = {
			isa = XCBuildConfiguration;
			buildSettings = {
				ALWAYS_SEARCH_USER_PATHS = NO;
				ARCHS = "$(ARCHS_STANDARD_32_BIT)";
				CLANG_CXX_LANGUAGE_STANDARD = "gnu++0x";
				CLANG_ENABLE_OBJC_ARC = YES;
				CLANG_WARN__DUPLICATE_METHOD_MATCH = YES;
				"CODE_SIGN_IDENTITY[sdk=iphoneos*]" = "iPhone Developer";
				COPY_PHASE_STRIP = YES;
				GCC_C_LANGUAGE_STANDARD = gnu99;
				GCC_VERSION = com.apple.compilers.llvm.clang.1_0;
				GCC_WARN_ABOUT_RETURN_TYPE = YES;
				GCC_WARN_UNINITIALIZED_AUTOS = YES;
				GCC_WARN_UNUSED_VARIABLE = YES;
				IPHONEOS_DEPLOYMENT_TARGET = 5.1;
				OTHER_CFLAGS = "-DNS_BLOCK_ASSERTIONS=1";
				SDKROOT = iphoneos;
				VALIDATE_PRODUCT = YES;
			};
			name = Release;
		};
		0F1697A815CE51AB0026B131 /* Debug */ = {
			isa = XCBuildConfiguration;
			buildSettings = {
				GCC_PRECOMPILE_PREFIX_HEADER = YES;
				GCC_PREFIX_HEADER = "YelpTest/YelpTest-Prefix.pch";
				INFOPLIST_FILE = "YelpTest/YelpTest-Info.plist";
				PRODUCT_NAME = "$(TARGET_NAME)";
				WRAPPER_EXTENSION = app;
			};
			name = Debug;
		};
		0F1697A915CE51AB0026B131 /* Release */ = {
			isa = XCBuildConfiguration;
			buildSettings = {
				GCC_PRECOMPILE_PREFIX_HEADER = YES;
				GCC_PREFIX_HEADER = "YelpTest/YelpTest-Prefix.pch";
				INFOPLIST_FILE = "YelpTest/YelpTest-Info.plist";
				PRODUCT_NAME = "$(TARGET_NAME)";
				WRAPPER_EXTENSION = app;
			};
			name = Release;
		};
/* End XCBuildConfiguration section */

/* Begin XCConfigurationList section */
		0F16978315CE51AB0026B131 /* Build configuration list for PBXProject "YelpTest" */ = {
			isa = XCConfigurationList;
			buildConfigurations = (
				0F1697A515CE51AB0026B131 /* Debug */,
				0F1697A615CE51AB0026B131 /* Release */,
			);
			defaultConfigurationIsVisible = 0;
			defaultConfigurationName = Release;
		};
		0F1697A715CE51AB0026B131 /* Build configuration list for PBXNativeTarget "YelpTest" */ = {
			isa = XCConfigurationList;
			buildConfigurations = (
				0F1697A815CE51AB0026B131 /* Debug */,
				0F1697A915CE51AB0026B131 /* Release */,
			);
			defaultConfigurationIsVisible = 0;
			defaultConfigurationName = Release;
		};
/* End XCConfigurationList section */
	};
	rootObject = 0F16978015CE51AB0026B131 /* Project object */;
}
